// !$*UTF8*$!
{
	archiveVersion = 1;
	classes = {
	};
	objectVersion = 51;
	objects = {

/* Begin PBXBuildFile section */
		24588925D87C1F9AD7E1731D /* Pods_UndergroundAlbum.framework in Frameworks */ = {isa = PBXBuildFile; fileRef = 671E6B646A11B2477F48F932 /* Pods_UndergroundAlbum.framework */; };
		490EB1C6227901210041A2EB /* AppDelegate.swift in Sources */ = {isa = PBXBuildFile; fileRef = 490EB1C5227901210041A2EB /* AppDelegate.swift */; };
		490EB1C8227901210041A2EB /* ViewController.swift in Sources */ = {isa = PBXBuildFile; fileRef = 490EB1C7227901210041A2EB /* ViewController.swift */; };
		490EB1CD227901210041A2EB /* Assets.xcassets in Resources */ = {isa = PBXBuildFile; fileRef = 490EB1CC227901210041A2EB /* Assets.xcassets */; };
		490EB1D9227901290041A2EB /* ViewController.swift in Sources */ = {isa = PBXBuildFile; fileRef = 490EB1C7227901210041A2EB /* ViewController.swift */; };
		490EB1DA227901290041A2EB /* AppDelegate.swift in Sources */ = {isa = PBXBuildFile; fileRef = 490EB1C5227901210041A2EB /* AppDelegate.swift */; };
		490EB1DE227901290041A2EB /* Assets.xcassets in Resources */ = {isa = PBXBuildFile; fileRef = 490EB1CC227901210041A2EB /* Assets.xcassets */; };
		490EB1E82279017B0041A2EB /* LaunchScreen.storyboard in Resources */ = {isa = PBXBuildFile; fileRef = 490EB1E72279017B0041A2EB /* LaunchScreen.storyboard */; };
		490EB1E92279017B0041A2EB /* LaunchScreen.storyboard in Resources */ = {isa = PBXBuildFile; fileRef = 490EB1E72279017B0041A2EB /* LaunchScreen.storyboard */; };
		490EB1EB227901950041A2EB /* MainPhone.storyboard in Resources */ = {isa = PBXBuildFile; fileRef = 490EB1EA227901950041A2EB /* MainPhone.storyboard */; };
		490EB1EC227901950041A2EB /* MainPhone.storyboard in Resources */ = {isa = PBXBuildFile; fileRef = 490EB1EA227901950041A2EB /* MainPhone.storyboard */; };
		490EB1F02279024D0041A2EB /* Localizable.strings in Resources */ = {isa = PBXBuildFile; fileRef = 490EB1F32279024D0041A2EB /* Localizable.strings */; };
		490EB1F12279024D0041A2EB /* Localizable.strings in Resources */ = {isa = PBXBuildFile; fileRef = 490EB1F32279024D0041A2EB /* Localizable.strings */; };
		497E72A022A99381009C3C5E /* SWMenuViewController.swift in Sources */ = {isa = PBXBuildFile; fileRef = 497E729F22A99381009C3C5E /* SWMenuViewController.swift */; };
		497E72A122A99381009C3C5E /* SWMenuViewController.swift in Sources */ = {isa = PBXBuildFile; fileRef = 497E729F22A99381009C3C5E /* SWMenuViewController.swift */; };
		497E72A622A9950E009C3C5E /* SWRevealViewController.m in Sources */ = {isa = PBXBuildFile; fileRef = 497E72A522A9950E009C3C5E /* SWRevealViewController.m */; };
		497E72A722A9950E009C3C5E /* SWRevealViewController.m in Sources */ = {isa = PBXBuildFile; fileRef = 497E72A522A9950E009C3C5E /* SWRevealViewController.m */; };
		497E72A922A9984C009C3C5E /* SwipeViewController.swift in Sources */ = {isa = PBXBuildFile; fileRef = 497E72A822A9984C009C3C5E /* SwipeViewController.swift */; };
		497E72AA22A9984C009C3C5E /* SwipeViewController.swift in Sources */ = {isa = PBXBuildFile; fileRef = 497E72A822A9984C009C3C5E /* SwipeViewController.swift */; };
		49D4839122C3F419008377AA /* MenuIdentifer.swift in Sources */ = {isa = PBXBuildFile; fileRef = 49D4839022C3F419008377AA /* MenuIdentifer.swift */; };
		49D4839222C3F419008377AA /* MenuIdentifer.swift in Sources */ = {isa = PBXBuildFile; fileRef = 49D4839022C3F419008377AA /* MenuIdentifer.swift */; };
		49D4839422C3F45A008377AA /* MenuModel.swift in Sources */ = {isa = PBXBuildFile; fileRef = 49D4839322C3F45A008377AA /* MenuModel.swift */; };
		49D4839522C3F45A008377AA /* MenuModel.swift in Sources */ = {isa = PBXBuildFile; fileRef = 49D4839322C3F45A008377AA /* MenuModel.swift */; };
		49D4839822C3F4A5008377AA /* StringExtension.swift in Sources */ = {isa = PBXBuildFile; fileRef = 49D4839722C3F4A5008377AA /* StringExtension.swift */; };
		49D4839922C3F4A5008377AA /* StringExtension.swift in Sources */ = {isa = PBXBuildFile; fileRef = 49D4839722C3F4A5008377AA /* StringExtension.swift */; };
		49D4839B22C3F52E008377AA /* MenuViewController.swift in Sources */ = {isa = PBXBuildFile; fileRef = 49D4839A22C3F52E008377AA /* MenuViewController.swift */; };
		49D4839C22C3F52E008377AA /* MenuViewController.swift in Sources */ = {isa = PBXBuildFile; fileRef = 49D4839A22C3F52E008377AA /* MenuViewController.swift */; };
		49D483A422C3F993008377AA /* MenuPresenter.swift in Sources */ = {isa = PBXBuildFile; fileRef = 49D483A322C3F993008377AA /* MenuPresenter.swift */; };
		49D483A522C3F993008377AA /* MenuPresenter.swift in Sources */ = {isa = PBXBuildFile; fileRef = 49D483A322C3F993008377AA /* MenuPresenter.swift */; };
		49D483AB22C3F9FF008377AA /* MenuView.storyboard in Resources */ = {isa = PBXBuildFile; fileRef = 49D483AA22C3F9FF008377AA /* MenuView.storyboard */; };
		49D483AC22C3F9FF008377AA /* MenuView.storyboard in Resources */ = {isa = PBXBuildFile; fileRef = 49D483AA22C3F9FF008377AA /* MenuView.storyboard */; };
		49D483AE22C40C69008377AA /* MenuTableViewCell.xib in Resources */ = {isa = PBXBuildFile; fileRef = 49D483AD22C40C69008377AA /* MenuTableViewCell.xib */; };
		49D483AF22C40C69008377AA /* MenuTableViewCell.xib in Resources */ = {isa = PBXBuildFile; fileRef = 49D483AD22C40C69008377AA /* MenuTableViewCell.xib */; };
		49D483B122C40CD4008377AA /* MenuTableViewCell.swift in Sources */ = {isa = PBXBuildFile; fileRef = 49D483B022C40CD4008377AA /* MenuTableViewCell.swift */; };
		49D483B222C40CD4008377AA /* MenuTableViewCell.swift in Sources */ = {isa = PBXBuildFile; fileRef = 49D483B022C40CD4008377AA /* MenuTableViewCell.swift */; };
		49D483B522C41123008377AA /* MyPregnancyView.storyboard in Resources */ = {isa = PBXBuildFile; fileRef = 49D483B422C41123008377AA /* MyPregnancyView.storyboard */; };
		49D483B622C41123008377AA /* MyPregnancyView.storyboard in Resources */ = {isa = PBXBuildFile; fileRef = 49D483B422C41123008377AA /* MyPregnancyView.storyboard */; };
		49D483B922C411E8008377AA /* MyPregnancyViewController.swift in Sources */ = {isa = PBXBuildFile; fileRef = 49D483B822C411E8008377AA /* MyPregnancyViewController.swift */; };
		49D483BA22C411E8008377AA /* MyPregnancyViewController.swift in Sources */ = {isa = PBXBuildFile; fileRef = 49D483B822C411E8008377AA /* MyPregnancyViewController.swift */; };
		C251CD0091DC6B921B95F094 /* Pods_UndergroundAlbumProd.framework in Frameworks */ = {isa = PBXBuildFile; fileRef = 2A6028036FD0944575BDFB1D /* Pods_UndergroundAlbumProd.framework */; };
/* End PBXBuildFile section */

/* Begin PBXFileReference section */
		07133375794A27BDEB904201 /* Pods-UndergroundAlbum.release.xcconfig */ = {isa = PBXFileReference; includeInIndex = 1; lastKnownFileType = text.xcconfig; name = "Pods-UndergroundAlbum.release.xcconfig"; path = "Target Support Files/Pods-UndergroundAlbum/Pods-UndergroundAlbum.release.xcconfig"; sourceTree = "<group>"; };
		2A6028036FD0944575BDFB1D /* Pods_UndergroundAlbumProd.framework */ = {isa = PBXFileReference; explicitFileType = wrapper.framework; includeInIndex = 0; path = Pods_UndergroundAlbumProd.framework; sourceTree = BUILT_PRODUCTS_DIR; };
		45CCB546E00F48AA84487C20 /* Pods-UndergroundAlbum.debug.xcconfig */ = {isa = PBXFileReference; includeInIndex = 1; lastKnownFileType = text.xcconfig; name = "Pods-UndergroundAlbum.debug.xcconfig"; path = "Target Support Files/Pods-UndergroundAlbum/Pods-UndergroundAlbum.debug.xcconfig"; sourceTree = "<group>"; };
		490EB1C2227901210041A2EB /* UndergroundAlbum.app */ = {isa = PBXFileReference; explicitFileType = wrapper.application; includeInIndex = 0; path = UndergroundAlbum.app; sourceTree = BUILT_PRODUCTS_DIR; };
		490EB1C5227901210041A2EB /* AppDelegate.swift */ = {isa = PBXFileReference; lastKnownFileType = sourcecode.swift; path = AppDelegate.swift; sourceTree = "<group>"; };
		490EB1C7227901210041A2EB /* ViewController.swift */ = {isa = PBXFileReference; lastKnownFileType = sourcecode.swift; path = ViewController.swift; sourceTree = "<group>"; };
		490EB1CC227901210041A2EB /* Assets.xcassets */ = {isa = PBXFileReference; lastKnownFileType = folder.assetcatalog; path = Assets.xcassets; sourceTree = "<group>"; };
		490EB1D1227901210041A2EB /* UndergroundAlbumInfo.plist */ = {isa = PBXFileReference; lastKnownFileType = text.plist.xml; path = UndergroundAlbumInfo.plist; sourceTree = "<group>"; };
		490EB1E3227901290041A2EB /* UndergroundAlbumProd.app */ = {isa = PBXFileReference; explicitFileType = wrapper.application; includeInIndex = 0; path = UndergroundAlbumProd.app; sourceTree = BUILT_PRODUCTS_DIR; };
		490EB1E4227901290041A2EB /* UndergroundAlbumInfoProd.plist */ = {isa = PBXFileReference; lastKnownFileType = text.plist.xml; name = UndergroundAlbumInfoProd.plist; path = "/Users/andrew/Проекты/git_AdlibBeats/mac_os/UndergroundAlbum/UndergroundAlbum/UndergroundAlbumInfoProd.plist"; sourceTree = "<absolute>"; };
		490EB1E72279017B0041A2EB /* LaunchScreen.storyboard */ = {isa = PBXFileReference; lastKnownFileType = file.storyboard; path = LaunchScreen.storyboard; sourceTree = "<group>"; };
		490EB1EA227901950041A2EB /* MainPhone.storyboard */ = {isa = PBXFileReference; lastKnownFileType = file.storyboard; path = MainPhone.storyboard; sourceTree = "<group>"; };
		490EB1F22279024D0041A2EB /* en */ = {isa = PBXFileReference; lastKnownFileType = text.plist.strings; name = en; path = en.lproj/Localizable.strings; sourceTree = "<group>"; };
		490EB1F42279025C0041A2EB /* zh-Hant-HK */ = {isa = PBXFileReference; lastKnownFileType = text.plist.strings; name = "zh-Hant-HK"; path = "zh-Hant-HK.lproj/Localizable.strings"; sourceTree = "<group>"; };
		497E729F22A99381009C3C5E /* SWMenuViewController.swift */ = {isa = PBXFileReference; lastKnownFileType = sourcecode.swift; path = SWMenuViewController.swift; sourceTree = "<group>"; };
		497E72A222A9950D009C3C5E /* UndergroundAlbum-Bridging-Header.h */ = {isa = PBXFileReference; lastKnownFileType = sourcecode.c.h; path = "UndergroundAlbum-Bridging-Header.h"; sourceTree = "<group>"; };
		497E72A322A9950D009C3C5E /* UndergroundAlbumProd-Bridging-Header.h */ = {isa = PBXFileReference; lastKnownFileType = sourcecode.c.h; path = "UndergroundAlbumProd-Bridging-Header.h"; sourceTree = "<group>"; };
		497E72A422A9950E009C3C5E /* SWRevealViewController.h */ = {isa = PBXFileReference; lastKnownFileType = sourcecode.c.h; path = SWRevealViewController.h; sourceTree = "<group>"; };
		497E72A522A9950E009C3C5E /* SWRevealViewController.m */ = {isa = PBXFileReference; lastKnownFileType = sourcecode.c.objc; path = SWRevealViewController.m; sourceTree = "<group>"; };
		497E72A822A9984C009C3C5E /* SwipeViewController.swift */ = {isa = PBXFileReference; lastKnownFileType = sourcecode.swift; path = SwipeViewController.swift; sourceTree = "<group>"; };
		49D4839022C3F419008377AA /* MenuIdentifer.swift */ = {isa = PBXFileReference; lastKnownFileType = sourcecode.swift; path = MenuIdentifer.swift; sourceTree = "<group>"; };
		49D4839322C3F45A008377AA /* MenuModel.swift */ = {isa = PBXFileReference; lastKnownFileType = sourcecode.swift; path = MenuModel.swift; sourceTree = "<group>"; };
		49D4839722C3F4A5008377AA /* StringExtension.swift */ = {isa = PBXFileReference; lastKnownFileType = sourcecode.swift; path = StringExtension.swift; sourceTree = "<group>"; };
		49D4839A22C3F52E008377AA /* MenuViewController.swift */ = {isa = PBXFileReference; lastKnownFileType = sourcecode.swift; path = MenuViewController.swift; sourceTree = "<group>"; };
		49D483A322C3F993008377AA /* MenuPresenter.swift */ = {isa = PBXFileReference; lastKnownFileType = sourcecode.swift; path = MenuPresenter.swift; sourceTree = "<group>"; };
		49D483AA22C3F9FF008377AA /* MenuView.storyboard */ = {isa = PBXFileReference; lastKnownFileType = file.storyboard; path = MenuView.storyboard; sourceTree = "<group>"; };
		49D483AD22C40C69008377AA /* MenuTableViewCell.xib */ = {isa = PBXFileReference; lastKnownFileType = file.xib; path = MenuTableViewCell.xib; sourceTree = "<group>"; };
		49D483B022C40CD4008377AA /* MenuTableViewCell.swift */ = {isa = PBXFileReference; lastKnownFileType = sourcecode.swift; path = MenuTableViewCell.swift; sourceTree = "<group>"; };
		49D483B422C41123008377AA /* MyPregnancyView.storyboard */ = {isa = PBXFileReference; lastKnownFileType = file.storyboard; path = MyPregnancyView.storyboard; sourceTree = "<group>"; };
		49D483B822C411E8008377AA /* MyPregnancyViewController.swift */ = {isa = PBXFileReference; lastKnownFileType = sourcecode.swift; path = MyPregnancyViewController.swift; sourceTree = "<group>"; };
		671E6B646A11B2477F48F932 /* Pods_UndergroundAlbum.framework */ = {isa = PBXFileReference; explicitFileType = wrapper.framework; includeInIndex = 0; path = Pods_UndergroundAlbum.framework; sourceTree = BUILT_PRODUCTS_DIR; };
		8A397CFFB4D3D5A1CFDCE455 /* Pods-UndergroundAlbumProd.release.xcconfig */ = {isa = PBXFileReference; includeInIndex = 1; lastKnownFileType = text.xcconfig; name = "Pods-UndergroundAlbumProd.release.xcconfig"; path = "Target Support Files/Pods-UndergroundAlbumProd/Pods-UndergroundAlbumProd.release.xcconfig"; sourceTree = "<group>"; };
		C0EC5C0057B171896D5E0A76 /* Pods-UndergroundAlbumProd.debug.xcconfig */ = {isa = PBXFileReference; includeInIndex = 1; lastKnownFileType = text.xcconfig; name = "Pods-UndergroundAlbumProd.debug.xcconfig"; path = "Target Support Files/Pods-UndergroundAlbumProd/Pods-UndergroundAlbumProd.debug.xcconfig"; sourceTree = "<group>"; };
/* End PBXFileReference section */

/* Begin PBXFrameworksBuildPhase section */
		490EB1BF227901210041A2EB /* Frameworks */ = {
			isa = PBXFrameworksBuildPhase;
			buildActionMask = 2147483647;
			files = (
				24588925D87C1F9AD7E1731D /* Pods_UndergroundAlbum.framework in Frameworks */,
			);
			runOnlyForDeploymentPostprocessing = 0;
		};
		490EB1DB227901290041A2EB /* Frameworks */ = {
			isa = PBXFrameworksBuildPhase;
			buildActionMask = 2147483647;
			files = (
				C251CD0091DC6B921B95F094 /* Pods_UndergroundAlbumProd.framework in Frameworks */,
			);
			runOnlyForDeploymentPostprocessing = 0;
		};
/* End PBXFrameworksBuildPhase section */

/* Begin PBXGroup section */
		490EB1B9227901210041A2EB = {
			isa = PBXGroup;
			children = (
				490EB1C4227901210041A2EB /* UndergroundAlbum */,
				490EB1C3227901210041A2EB /* Products */,
				782F72553EA190D69EEE416F /* Pods */,
				80E33CCD556DD49197FE592D /* Frameworks */,
			);
			sourceTree = "<group>";
		};
		490EB1C3227901210041A2EB /* Products */ = {
			isa = PBXGroup;
			children = (
				490EB1C2227901210041A2EB /* UndergroundAlbum.app */,
				490EB1E3227901290041A2EB /* UndergroundAlbumProd.app */,
			);
			name = Products;
			sourceTree = "<group>";
		};
		490EB1C4227901210041A2EB /* UndergroundAlbum */ = {
			isa = PBXGroup;
			children = (
				490EB1C5227901210041A2EB /* AppDelegate.swift */,
				49D483B722C411C6008377AA /* MyPregnancy */,
				49D483A622C3F9AF008377AA /* Storyboards */,
				49D4839622C3F492008377AA /* Extensions */,
				49D4838F22C3F400008377AA /* Menu */,
				490EB1C7227901210041A2EB /* ViewController.swift */,
				497E729E22A992EA009C3C5E /* ViewControllers */,
				490EB1CC227901210041A2EB /* Assets.xcassets */,
				490EB1F32279024D0041A2EB /* Localizable.strings */,
				490EB1D1227901210041A2EB /* UndergroundAlbumInfo.plist */,
				490EB1E4227901290041A2EB /* UndergroundAlbumInfoProd.plist */,
			);
			path = UndergroundAlbum;
			sourceTree = "<group>";
		};
		497E729E22A992EA009C3C5E /* ViewControllers */ = {
			isa = PBXGroup;
			children = (
				497E729F22A99381009C3C5E /* SWMenuViewController.swift */,
				497E72A822A9984C009C3C5E /* SwipeViewController.swift */,
				497E72A422A9950E009C3C5E /* SWRevealViewController.h */,
				497E72A522A9950E009C3C5E /* SWRevealViewController.m */,
				497E72A222A9950D009C3C5E /* UndergroundAlbum-Bridging-Header.h */,
				497E72A322A9950D009C3C5E /* UndergroundAlbumProd-Bridging-Header.h */,
			);
			path = ViewControllers;
			sourceTree = "<group>";
		};
		49D4838F22C3F400008377AA /* Menu */ = {
			isa = PBXGroup;
			children = (
				49D4839022C3F419008377AA /* MenuIdentifer.swift */,
				49D483AD22C40C69008377AA /* MenuTableViewCell.xib */,
				49D4839A22C3F52E008377AA /* MenuViewController.swift */,
				49D483B022C40CD4008377AA /* MenuTableViewCell.swift */,
				49D4839322C3F45A008377AA /* MenuModel.swift */,
				49D483A322C3F993008377AA /* MenuPresenter.swift */,
			);
			path = Menu;
			sourceTree = "<group>";
		};
		49D4839622C3F492008377AA /* Extensions */ = {
			isa = PBXGroup;
			children = (
				49D4839722C3F4A5008377AA /* StringExtension.swift */,
			);
			path = Extensions;
			sourceTree = "<group>";
		};
		49D483A622C3F9AF008377AA /* Storyboards */ = {
			isa = PBXGroup;
			children = (
				490EB1E72279017B0041A2EB /* LaunchScreen.storyboard */,
				490EB1EA227901950041A2EB /* MainPhone.storyboard */,
				49D483B322C410C9008377AA /* MyPregnancy */,
				49D483A722C3F9BF008377AA /* Menu */,
			);
			path = Storyboards;
			sourceTree = "<group>";
		};
		49D483A722C3F9BF008377AA /* Menu */ = {
			isa = PBXGroup;
			children = (
				49D483A922C3F9DB008377AA /* iPhone */,
				49D483A822C3F9D2008377AA /* iPad */,
			);
			path = Menu;
			sourceTree = "<group>";
		};
		49D483A822C3F9D2008377AA /* iPad */ = {
			isa = PBXGroup;
			children = (
			);
			path = iPad;
			sourceTree = "<group>";
		};
		49D483A922C3F9DB008377AA /* iPhone */ = {
			isa = PBXGroup;
			children = (
				49D483AA22C3F9FF008377AA /* MenuView.storyboard */,
			);
			path = iPhone;
			sourceTree = "<group>";
		};
		49D483B322C410C9008377AA /* MyPregnancy */ = {
			isa = PBXGroup;
			children = (
				49D483B422C41123008377AA /* MyPregnancyView.storyboard */,
			);
			path = MyPregnancy;
			sourceTree = "<group>";
		};
		49D483B722C411C6008377AA /* MyPregnancy */ = {
			isa = PBXGroup;
			children = (
				49D483B822C411E8008377AA /* MyPregnancyViewController.swift */,
			);
			path = MyPregnancy;
			sourceTree = "<group>";
		};
		782F72553EA190D69EEE416F /* Pods */ = {
			isa = PBXGroup;
			children = (
				45CCB546E00F48AA84487C20 /* Pods-UndergroundAlbum.debug.xcconfig */,
				07133375794A27BDEB904201 /* Pods-UndergroundAlbum.release.xcconfig */,
				C0EC5C0057B171896D5E0A76 /* Pods-UndergroundAlbumProd.debug.xcconfig */,
				8A397CFFB4D3D5A1CFDCE455 /* Pods-UndergroundAlbumProd.release.xcconfig */,
			);
			path = Pods;
			sourceTree = "<group>";
		};
		80E33CCD556DD49197FE592D /* Frameworks */ = {
			isa = PBXGroup;
			children = (
				671E6B646A11B2477F48F932 /* Pods_UndergroundAlbum.framework */,
				2A6028036FD0944575BDFB1D /* Pods_UndergroundAlbumProd.framework */,
			);
			name = Frameworks;
			sourceTree = "<group>";
		};
/* End PBXGroup section */

/* Begin PBXNativeTarget section */
		490EB1C1227901210041A2EB /* UndergroundAlbum */ = {
			isa = PBXNativeTarget;
			buildConfigurationList = 490EB1D4227901210041A2EB /* Build configuration list for PBXNativeTarget "UndergroundAlbum" */;
			buildPhases = (
				AEE173C8634B93A27EB08270 /* [CP] Check Pods Manifest.lock */,
				490EB1BE227901210041A2EB /* Sources */,
				490EB1BF227901210041A2EB /* Frameworks */,
				490EB1C0227901210041A2EB /* Resources */,
				F395C9397A773ABD58310F29 /* [CP] Embed Pods Frameworks */,
			);
			buildRules = (
			);
			dependencies = (
			);
			name = UndergroundAlbum;
			productName = UndergroundAlbum;
			productReference = 490EB1C2227901210041A2EB /* UndergroundAlbum.app */;
			productType = "com.apple.product-type.application";
		};
		490EB1D7227901290041A2EB /* UndergroundAlbumProd */ = {
			isa = PBXNativeTarget;
			buildConfigurationList = 490EB1E0227901290041A2EB /* Build configuration list for PBXNativeTarget "UndergroundAlbumProd" */;
			buildPhases = (
				0DE18DCE4EA98559B9318E4B /* [CP] Check Pods Manifest.lock */,
				490EB1D8227901290041A2EB /* Sources */,
				490EB1DB227901290041A2EB /* Frameworks */,
				490EB1DC227901290041A2EB /* Resources */,
				99F39763A4E3E44E57A71CB7 /* [CP] Embed Pods Frameworks */,
			);
			buildRules = (
			);
			dependencies = (
			);
			name = UndergroundAlbumProd;
			productName = UndergroundAlbum;
			productReference = 490EB1E3227901290041A2EB /* UndergroundAlbumProd.app */;
			productType = "com.apple.product-type.application";
		};
/* End PBXNativeTarget section */

/* Begin PBXProject section */
		490EB1BA227901210041A2EB /* Project object */ = {
			isa = PBXProject;
			attributes = {
				LastSwiftUpdateCheck = 1020;
				LastUpgradeCheck = 1020;
				ORGANIZATIONNAME = ru.proarttherapy;
				TargetAttributes = {
					490EB1C1227901210041A2EB = {
						CreatedOnToolsVersion = 10.2.1;
						LastSwiftMigration = 1020;
					};
					490EB1D7227901290041A2EB = {
						LastSwiftMigration = 1020;
					};
				};
			};
			buildConfigurationList = 490EB1BD227901210041A2EB /* Build configuration list for PBXProject "UndergroundAlbum" */;
			compatibilityVersion = "Xcode 9.3";
			developmentRegion = en;
			hasScannedForEncodings = 0;
			knownRegions = (
				en,
				"zh-Hant-HK",
			);
			mainGroup = 490EB1B9227901210041A2EB;
			productRefGroup = 490EB1C3227901210041A2EB /* Products */;
			projectDirPath = "";
			projectRoot = "";
			targets = (
				490EB1C1227901210041A2EB /* UndergroundAlbum */,
				490EB1D7227901290041A2EB /* UndergroundAlbumProd */,
			);
		};
/* End PBXProject section */

/* Begin PBXResourcesBuildPhase section */
		490EB1C0227901210041A2EB /* Resources */ = {
			isa = PBXResourcesBuildPhase;
			buildActionMask = 2147483647;
			files = (
				49D483AE22C40C69008377AA /* MenuTableViewCell.xib in Resources */,
				490EB1EB227901950041A2EB /* MainPhone.storyboard in Resources */,
				490EB1F02279024D0041A2EB /* Localizable.strings in Resources */,
				49D483B522C41123008377AA /* MyPregnancyView.storyboard in Resources */,
				49D483AB22C3F9FF008377AA /* MenuView.storyboard in Resources */,
				490EB1CD227901210041A2EB /* Assets.xcassets in Resources */,
				490EB1E82279017B0041A2EB /* LaunchScreen.storyboard in Resources */,
			);
			runOnlyForDeploymentPostprocessing = 0;
		};
		490EB1DC227901290041A2EB /* Resources */ = {
			isa = PBXResourcesBuildPhase;
			buildActionMask = 2147483647;
			files = (
				49D483AF22C40C69008377AA /* MenuTableViewCell.xib in Resources */,
				490EB1EC227901950041A2EB /* MainPhone.storyboard in Resources */,
				490EB1F12279024D0041A2EB /* Localizable.strings in Resources */,
				49D483B622C41123008377AA /* MyPregnancyView.storyboard in Resources */,
				49D483AC22C3F9FF008377AA /* MenuView.storyboard in Resources */,
				490EB1DE227901290041A2EB /* Assets.xcassets in Resources */,
				490EB1E92279017B0041A2EB /* LaunchScreen.storyboard in Resources */,
			);
			runOnlyForDeploymentPostprocessing = 0;
		};
/* End PBXResourcesBuildPhase section */

/* Begin PBXShellScriptBuildPhase section */
		0DE18DCE4EA98559B9318E4B /* [CP] Check Pods Manifest.lock */ = {
			isa = PBXShellScriptBuildPhase;
			buildActionMask = 2147483647;
			files = (
			);
			inputFileListPaths = (
			);
			inputPaths = (
				"${PODS_PODFILE_DIR_PATH}/Podfile.lock",
				"${PODS_ROOT}/Manifest.lock",
			);
			name = "[CP] Check Pods Manifest.lock";
			outputFileListPaths = (
			);
			outputPaths = (
				"$(DERIVED_FILE_DIR)/Pods-UndergroundAlbumProd-checkManifestLockResult.txt",
			);
			runOnlyForDeploymentPostprocessing = 0;
			shellPath = /bin/sh;
			shellScript = "diff \"${PODS_PODFILE_DIR_PATH}/Podfile.lock\" \"${PODS_ROOT}/Manifest.lock\" > /dev/null\nif [ $? != 0 ] ; then\n    # print error to STDERR\n    echo \"error: The sandbox is not in sync with the Podfile.lock. Run 'pod install' or update your CocoaPods installation.\" >&2\n    exit 1\nfi\n# This output is used by Xcode 'outputs' to avoid re-running this script phase.\necho \"SUCCESS\" > \"${SCRIPT_OUTPUT_FILE_0}\"\n";
			showEnvVarsInLog = 0;
		};
		99F39763A4E3E44E57A71CB7 /* [CP] Embed Pods Frameworks */ = {
			isa = PBXShellScriptBuildPhase;
			buildActionMask = 2147483647;
			files = (
			);
			inputFileListPaths = (
				"${PODS_ROOT}/Target Support Files/Pods-UndergroundAlbumProd/Pods-UndergroundAlbumProd-frameworks-${CONFIGURATION}-input-files.xcfilelist",
			);
			name = "[CP] Embed Pods Frameworks";
			outputFileListPaths = (
				"${PODS_ROOT}/Target Support Files/Pods-UndergroundAlbumProd/Pods-UndergroundAlbumProd-frameworks-${CONFIGURATION}-output-files.xcfilelist",
			);
			runOnlyForDeploymentPostprocessing = 0;
			shellPath = /bin/sh;
			shellScript = "\"${PODS_ROOT}/Target Support Files/Pods-UndergroundAlbumProd/Pods-UndergroundAlbumProd-frameworks.sh\"\n";
			showEnvVarsInLog = 0;
		};
		AEE173C8634B93A27EB08270 /* [CP] Check Pods Manifest.lock */ = {
			isa = PBXShellScriptBuildPhase;
			buildActionMask = 2147483647;
			files = (
			);
			inputFileListPaths = (
			);
			inputPaths = (
				"${PODS_PODFILE_DIR_PATH}/Podfile.lock",
				"${PODS_ROOT}/Manifest.lock",
			);
			name = "[CP] Check Pods Manifest.lock";
			outputFileListPaths = (
			);
			outputPaths = (
				"$(DERIVED_FILE_DIR)/Pods-UndergroundAlbum-checkManifestLockResult.txt",
			);
			runOnlyForDeploymentPostprocessing = 0;
			shellPath = /bin/sh;
			shellScript = "diff \"${PODS_PODFILE_DIR_PATH}/Podfile.lock\" \"${PODS_ROOT}/Manifest.lock\" > /dev/null\nif [ $? != 0 ] ; then\n    # print error to STDERR\n    echo \"error: The sandbox is not in sync with the Podfile.lock. Run 'pod install' or update your CocoaPods installation.\" >&2\n    exit 1\nfi\n# This output is used by Xcode 'outputs' to avoid re-running this script phase.\necho \"SUCCESS\" > \"${SCRIPT_OUTPUT_FILE_0}\"\n";
			showEnvVarsInLog = 0;
		};
		F395C9397A773ABD58310F29 /* [CP] Embed Pods Frameworks */ = {
			isa = PBXShellScriptBuildPhase;
			buildActionMask = 2147483647;
			files = (
			);
			inputFileListPaths = (
				"${PODS_ROOT}/Target Support Files/Pods-UndergroundAlbum/Pods-UndergroundAlbum-frameworks-${CONFIGURATION}-input-files.xcfilelist",
			);
			name = "[CP] Embed Pods Frameworks";
			outputFileListPaths = (
				"${PODS_ROOT}/Target Support Files/Pods-UndergroundAlbum/Pods-UndergroundAlbum-frameworks-${CONFIGURATION}-output-files.xcfilelist",
			);
			runOnlyForDeploymentPostprocessing = 0;
			shellPath = /bin/sh;
			shellScript = "\"${PODS_ROOT}/Target Support Files/Pods-UndergroundAlbum/Pods-UndergroundAlbum-frameworks.sh\"\n";
			showEnvVarsInLog = 0;
		};
/* End PBXShellScriptBuildPhase section */

/* Begin PBXSourcesBuildPhase section */
		490EB1BE227901210041A2EB /* Sources */ = {
			isa = PBXSourcesBuildPhase;
			buildActionMask = 2147483647;
			files = (
				497E72A922A9984C009C3C5E /* SwipeViewController.swift in Sources */,
				497E72A022A99381009C3C5E /* SWMenuViewController.swift in Sources */,
				490EB1C8227901210041A2EB /* ViewController.swift in Sources */,
				49D483A422C3F993008377AA /* MenuPresenter.swift in Sources */,
				49D4839422C3F45A008377AA /* MenuModel.swift in Sources */,
				49D4839B22C3F52E008377AA /* MenuViewController.swift in Sources */,
				49D483B922C411E8008377AA /* MyPregnancyViewController.swift in Sources */,
				49D4839822C3F4A5008377AA /* StringExtension.swift in Sources */,
				490EB1C6227901210041A2EB /* AppDelegate.swift in Sources */,
				497E72A622A9950E009C3C5E /* SWRevealViewController.m in Sources */,
				49D4839122C3F419008377AA /* MenuIdentifer.swift in Sources */,
				49D483B122C40CD4008377AA /* MenuTableViewCell.swift in Sources */,
			);
			runOnlyForDeploymentPostprocessing = 0;
		};
		490EB1D8227901290041A2EB /* Sources */ = {
			isa = PBXSourcesBuildPhase;
			buildActionMask = 2147483647;
			files = (
				497E72AA22A9984C009C3C5E /* SwipeViewController.swift in Sources */,
				497E72A122A99381009C3C5E /* SWMenuViewController.swift in Sources */,
				490EB1D9227901290041A2EB /* ViewController.swift in Sources */,
				49D483A522C3F993008377AA /* MenuPresenter.swift in Sources */,
				49D4839522C3F45A008377AA /* MenuModel.swift in Sources */,
				49D4839C22C3F52E008377AA /* MenuViewController.swift in Sources */,
				49D483BA22C411E8008377AA /* MyPregnancyViewController.swift in Sources */,
				49D4839922C3F4A5008377AA /* StringExtension.swift in Sources */,
				490EB1DA227901290041A2EB /* AppDelegate.swift in Sources */,
				497E72A722A9950E009C3C5E /* SWRevealViewController.m in Sources */,
				49D4839222C3F419008377AA /* MenuIdentifer.swift in Sources */,
				49D483B222C40CD4008377AA /* MenuTableViewCell.swift in Sources */,
			);
			runOnlyForDeploymentPostprocessing = 0;
		};
/* End PBXSourcesBuildPhase section */

/* Begin PBXVariantGroup section */
		490EB1F32279024D0041A2EB /* Localizable.strings */ = {
			isa = PBXVariantGroup;
			children = (
				490EB1F22279024D0041A2EB /* en */,
				490EB1F42279025C0041A2EB /* zh-Hant-HK */,
			);
			name = Localizable.strings;
			sourceTree = "<group>";
		};
/* End PBXVariantGroup section */

/* Begin XCBuildConfiguration section */
		490EB1D2227901210041A2EB /* Debug */ = {
			isa = XCBuildConfiguration;
			buildSettings = {
				ALWAYS_SEARCH_USER_PATHS = NO;
				CLANG_ANALYZER_LOCALIZABILITY_NONLOCALIZED = YES;
				CLANG_ANALYZER_NONNULL = YES;
				CLANG_ANALYZER_NUMBER_OBJECT_CONVERSION = YES_AGGRESSIVE;
				CLANG_CXX_LANGUAGE_STANDARD = "gnu++14";
				CLANG_CXX_LIBRARY = "libc++";
				CLANG_ENABLE_MODULES = YES;
				CLANG_ENABLE_OBJC_ARC = YES;
				CLANG_ENABLE_OBJC_WEAK = YES;
				CLANG_WARN_BLOCK_CAPTURE_AUTORELEASING = YES;
				CLANG_WARN_BOOL_CONVERSION = YES;
				CLANG_WARN_COMMA = YES;
				CLANG_WARN_CONSTANT_CONVERSION = YES;
				CLANG_WARN_DEPRECATED_OBJC_IMPLEMENTATIONS = YES;
				CLANG_WARN_DIRECT_OBJC_ISA_USAGE = YES_ERROR;
				CLANG_WARN_DOCUMENTATION_COMMENTS = YES;
				CLANG_WARN_EMPTY_BODY = YES;
				CLANG_WARN_ENUM_CONVERSION = YES;
				CLANG_WARN_INFINITE_RECURSION = YES;
				CLANG_WARN_INT_CONVERSION = YES;
				CLANG_WARN_NON_LITERAL_NULL_CONVERSION = YES;
				CLANG_WARN_OBJC_IMPLICIT_RETAIN_SELF = YES;
				CLANG_WARN_OBJC_LITERAL_CONVERSION = YES;
				CLANG_WARN_OBJC_ROOT_CLASS = YES_ERROR;
				CLANG_WARN_RANGE_LOOP_ANALYSIS = YES;
				CLANG_WARN_STRICT_PROTOTYPES = YES;
				CLANG_WARN_SUSPICIOUS_MOVE = YES;
				CLANG_WARN_UNGUARDED_AVAILABILITY = YES_AGGRESSIVE;
				CLANG_WARN_UNREACHABLE_CODE = YES;
				CLANG_WARN__DUPLICATE_METHOD_MATCH = YES;
				CODE_SIGN_IDENTITY = "iPhone Developer";
				COPY_PHASE_STRIP = NO;
				DEBUG_INFORMATION_FORMAT = dwarf;
				ENABLE_STRICT_OBJC_MSGSEND = YES;
				ENABLE_TESTABILITY = YES;
				GCC_C_LANGUAGE_STANDARD = gnu11;
				GCC_DYNAMIC_NO_PIC = NO;
				GCC_NO_COMMON_BLOCKS = YES;
				GCC_OPTIMIZATION_LEVEL = 0;
				GCC_PREPROCESSOR_DEFINITIONS = (
					"DEBUG=1",
					"$(inherited)",
				);
				GCC_WARN_64_TO_32_BIT_CONVERSION = YES;
				GCC_WARN_ABOUT_RETURN_TYPE = YES_ERROR;
				GCC_WARN_UNDECLARED_SELECTOR = YES;
				GCC_WARN_UNINITIALIZED_AUTOS = YES_AGGRESSIVE;
				GCC_WARN_UNUSED_FUNCTION = YES;
				GCC_WARN_UNUSED_VARIABLE = YES;
				IPHONEOS_DEPLOYMENT_TARGET = 12.1;
				MTL_ENABLE_DEBUG_INFO = INCLUDE_SOURCE;
				MTL_FAST_MATH = YES;
				ONLY_ACTIVE_ARCH = YES;
				SDKROOT = iphoneos;
				SWIFT_ACTIVE_COMPILATION_CONDITIONS = DEBUG;
				SWIFT_OPTIMIZATION_LEVEL = "-Onone";
				SWIFT_VERSION = 4.2;
			};
			name = Debug;
		};
		490EB1D3227901210041A2EB /* Release */ = {
			isa = XCBuildConfiguration;
			buildSettings = {
				ALWAYS_SEARCH_USER_PATHS = NO;
				CLANG_ANALYZER_LOCALIZABILITY_NONLOCALIZED = YES;
				CLANG_ANALYZER_NONNULL = YES;
				CLANG_ANALYZER_NUMBER_OBJECT_CONVERSION = YES_AGGRESSIVE;
				CLANG_CXX_LANGUAGE_STANDARD = "gnu++14";
				CLANG_CXX_LIBRARY = "libc++";
				CLANG_ENABLE_MODULES = YES;
				CLANG_ENABLE_OBJC_ARC = YES;
				CLANG_ENABLE_OBJC_WEAK = YES;
				CLANG_WARN_BLOCK_CAPTURE_AUTORELEASING = YES;
				CLANG_WARN_BOOL_CONVERSION = YES;
				CLANG_WARN_COMMA = YES;
				CLANG_WARN_CONSTANT_CONVERSION = YES;
				CLANG_WARN_DEPRECATED_OBJC_IMPLEMENTATIONS = YES;
				CLANG_WARN_DIRECT_OBJC_ISA_USAGE = YES_ERROR;
				CLANG_WARN_DOCUMENTATION_COMMENTS = YES;
				CLANG_WARN_EMPTY_BODY = YES;
				CLANG_WARN_ENUM_CONVERSION = YES;
				CLANG_WARN_INFINITE_RECURSION = YES;
				CLANG_WARN_INT_CONVERSION = YES;
				CLANG_WARN_NON_LITERAL_NULL_CONVERSION = YES;
				CLANG_WARN_OBJC_IMPLICIT_RETAIN_SELF = YES;
				CLANG_WARN_OBJC_LITERAL_CONVERSION = YES;
				CLANG_WARN_OBJC_ROOT_CLASS = YES_ERROR;
				CLANG_WARN_RANGE_LOOP_ANALYSIS = YES;
				CLANG_WARN_STRICT_PROTOTYPES = YES;
				CLANG_WARN_SUSPICIOUS_MOVE = YES;
				CLANG_WARN_UNGUARDED_AVAILABILITY = YES_AGGRESSIVE;
				CLANG_WARN_UNREACHABLE_CODE = YES;
				CLANG_WARN__DUPLICATE_METHOD_MATCH = YES;
				CODE_SIGN_IDENTITY = "iPhone Developer";
				COPY_PHASE_STRIP = NO;
				DEBUG_INFORMATION_FORMAT = "dwarf-with-dsym";
				ENABLE_NS_ASSERTIONS = NO;
				ENABLE_STRICT_OBJC_MSGSEND = YES;
				GCC_C_LANGUAGE_STANDARD = gnu11;
				GCC_NO_COMMON_BLOCKS = YES;
				GCC_WARN_64_TO_32_BIT_CONVERSION = YES;
				GCC_WARN_ABOUT_RETURN_TYPE = YES_ERROR;
				GCC_WARN_UNDECLARED_SELECTOR = YES;
				GCC_WARN_UNINITIALIZED_AUTOS = YES_AGGRESSIVE;
				GCC_WARN_UNUSED_FUNCTION = YES;
				GCC_WARN_UNUSED_VARIABLE = YES;
				IPHONEOS_DEPLOYMENT_TARGET = 12.1;
				MTL_ENABLE_DEBUG_INFO = NO;
				MTL_FAST_MATH = YES;
				SDKROOT = iphoneos;
				SWIFT_COMPILATION_MODE = wholemodule;
				SWIFT_OPTIMIZATION_LEVEL = "-O";
				SWIFT_VERSION = 4.2;
				VALIDATE_PRODUCT = YES;
			};
			name = Release;
		};
		490EB1D5227901210041A2EB /* Debug */ = {
			isa = XCBuildConfiguration;
			baseConfigurationReference = 45CCB546E00F48AA84487C20 /* Pods-UndergroundAlbum.debug.xcconfig */;
			buildSettings = {
				ASSETCATALOG_COMPILER_APPICON_NAME = AppIcon;
				CLANG_ENABLE_MODULES = YES;
				CODE_SIGN_STYLE = Automatic;
				DEVELOPMENT_TEAM = GKK9BFF346;
				INFOPLIST_FILE = "$(SRCROOT)/UndergroundAlbum/UndergroundAlbumInfo.plist";
				IPHONEOS_DEPLOYMENT_TARGET = 12.1;
				LD_RUNPATH_SEARCH_PATHS = (
					"$(inherited)",
					"@executable_path/Frameworks",
				);
				PRODUCT_BUNDLE_IDENTIFIER = ru.proarttherapy.UndergroundAlbum;
				PRODUCT_NAME = "$(TARGET_NAME)";
				SWIFT_OBJC_BRIDGING_HEADER = "UndergroundAlbum/ViewControllers/UndergroundAlbum-Bridging-Header.h";
				SWIFT_OPTIMIZATION_LEVEL = "-Onone";
				SWIFT_VERSION = 4.2;
				TARGETED_DEVICE_FAMILY = 1;
			};
			name = Debug;
		};
		490EB1D6227901210041A2EB /* Release */ = {
			isa = XCBuildConfiguration;
			baseConfigurationReference = 07133375794A27BDEB904201 /* Pods-UndergroundAlbum.release.xcconfig */;
			buildSettings = {
				ASSETCATALOG_COMPILER_APPICON_NAME = AppIcon;
				CLANG_ENABLE_MODULES = YES;
				CODE_SIGN_STYLE = Automatic;
				DEVELOPMENT_TEAM = GKK9BFF346;
				INFOPLIST_FILE = "$(SRCROOT)/UndergroundAlbum/UndergroundAlbumInfo.plist";
				IPHONEOS_DEPLOYMENT_TARGET = 12.1;
				LD_RUNPATH_SEARCH_PATHS = (
					"$(inherited)",
					"@executable_path/Frameworks",
				);
				PRODUCT_BUNDLE_IDENTIFIER = ru.proarttherapy.UndergroundAlbum;
				PRODUCT_NAME = "$(TARGET_NAME)";
				SWIFT_OBJC_BRIDGING_HEADER = "UndergroundAlbum/ViewControllers/UndergroundAlbum-Bridging-Header.h";
				SWIFT_VERSION = 4.2;
				TARGETED_DEVICE_FAMILY = 1;
			};
			name = Release;
		};
		490EB1E1227901290041A2EB /* Debug */ = {
			isa = XCBuildConfiguration;
			baseConfigurationReference = C0EC5C0057B171896D5E0A76 /* Pods-UndergroundAlbumProd.debug.xcconfig */;
			buildSettings = {
				ASSETCATALOG_COMPILER_APPICON_NAME = AppIcon;
				CLANG_ENABLE_MODULES = YES;
				CODE_SIGN_STYLE = Automatic;
				DEVELOPMENT_TEAM = GKK9BFF346;
				INFOPLIST_FILE = "$(SRCROOT)/UndergroundAlbum/UndergroundAlbumInfoProd.plist";
				IPHONEOS_DEPLOYMENT_TARGET = 12.1;
				LD_RUNPATH_SEARCH_PATHS = (
					"$(inherited)",
					"@executable_path/Frameworks",
				);
				PRODUCT_BUNDLE_IDENTIFIER = ru.proarttherapy.UndergroundAlbum;
				PRODUCT_NAME = "$(TARGET_NAME)";
				SWIFT_OBJC_BRIDGING_HEADER = "UndergroundAlbum/ViewControllers/UndergroundAlbumProd-Bridging-Header.h";
				SWIFT_OPTIMIZATION_LEVEL = "-Onone";
				SWIFT_VERSION = 4.2;
				TARGETED_DEVICE_FAMILY = 1;
			};
			name = Debug;
		};
		490EB1E2227901290041A2EB /* Release */ = {
			isa = XCBuildConfiguration;
			baseConfigurationReference = 8A397CFFB4D3D5A1CFDCE455 /* Pods-UndergroundAlbumProd.release.xcconfig */;
			buildSettings = {
				ASSETCATALOG_COMPILER_APPICON_NAME = AppIcon;
				CLANG_ENABLE_MODULES = YES;
				CODE_SIGN_STYLE = Automatic;
				DEVELOPMENT_TEAM = GKK9BFF346;
				INFOPLIST_FILE = "$(SRCROOT)/UndergroundAlbum/UndergroundAlbumInfoProd.plist";
				IPHONEOS_DEPLOYMENT_TARGET = 12.1;
				LD_RUNPATH_SEARCH_PATHS = (
					"$(inherited)",
					"@executable_path/Frameworks",
				);
				PRODUCT_BUNDLE_IDENTIFIER = ru.proarttherapy.UndergroundAlbum;
				PRODUCT_NAME = "$(TARGET_NAME)";
				SWIFT_OBJC_BRIDGING_HEADER = "UndergroundAlbum/ViewControllers/UndergroundAlbumProd-Bridging-Header.h";
				SWIFT_VERSION = 4.2;
				TARGETED_DEVICE_FAMILY = 1;
			};
			name = Release;
		};
/* End XCBuildConfiguration section */

/* Begin XCConfigurationList section */
		490EB1BD227901210041A2EB /* Build configuration list for PBXProject "UndergroundAlbum" */ = {
			isa = XCConfigurationList;
			buildConfigurations = (
				490EB1D2227901210041A2EB /* Debug */,
				490EB1D3227901210041A2EB /* Release */,
			);
			defaultConfigurationIsVisible = 0;
			defaultConfigurationName = Release;
		};
		490EB1D4227901210041A2EB /* Build configuration list for PBXNativeTarget "UndergroundAlbum" */ = {
			isa = XCConfigurationList;
			buildConfigurations = (
				490EB1D5227901210041A2EB /* Debug */,
				490EB1D6227901210041A2EB /* Release */,
			);
			defaultConfigurationIsVisible = 0;
			defaultConfigurationName = Release;
		};
		490EB1E0227901290041A2EB /* Build configuration list for PBXNativeTarget "UndergroundAlbumProd" */ = {
			isa = XCConfigurationList;
			buildConfigurations = (
				490EB1E1227901290041A2EB /* Debug */,
				490EB1E2227901290041A2EB /* Release */,
			);
			defaultConfigurationIsVisible = 0;
			defaultConfigurationName = Release;
		};
/* End XCConfigurationList section */
	};
	rootObject = 490EB1BA227901210041A2EB /* Project object */;
}
